// !$*UTF8*$!
{
	archiveVersion = 1;
	classes = {
	};
	objectVersion = 56;
	objects = {

/* Begin PBXBuildFile section */
		0856ED9D2BDA8936005146FC /* RahberApp.swift in Sources */ = {isa = PBXBuildFile; fileRef = 0856ED9C2BDA8936005146FC /* RahberApp.swift */; };
		0856EDA12BDA8937005146FC /* Assets.xcassets in Resources */ = {isa = PBXBuildFile; fileRef = 0856EDA02BDA8937005146FC /* Assets.xcassets */; };
		0856EDA42BDA8937005146FC /* Preview Assets.xcassets in Resources */ = {isa = PBXBuildFile; fileRef = 0856EDA32BDA8937005146FC /* Preview Assets.xcassets */; };
		0856EDAE2BDA8937005146FC /* RahberAppTests.swift in Sources */ = {isa = PBXBuildFile; fileRef = 0856EDAD2BDA8937005146FC /* RahberAppTests.swift */; };
		0856EDB82BDA8937005146FC /* RahberAppUITests.swift in Sources */ = {isa = PBXBuildFile; fileRef = 0856EDB72BDA8937005146FC /* RahberAppUITests.swift */; };
		0856EDBA2BDA8937005146FC /* RahberAppUITestsLaunchTests.swift in Sources */ = {isa = PBXBuildFile; fileRef = 0856EDB92BDA8937005146FC /* RahberAppUITestsLaunchTests.swift */; };
		0856EDC92BDA8AC6005146FC /* Resolver.swift in Sources */ = {isa = PBXBuildFile; fileRef = 0856EDC82BDA8AC6005146FC /* Resolver.swift */; };
		0856EDD72BDA8BBF005146FC /* Logger.swift in Sources */ = {isa = PBXBuildFile; fileRef = 0856EDD62BDA8BBF005146FC /* Logger.swift */; };
		0856EDD92BDA8BD6005146FC /* Parser.swift in Sources */ = {isa = PBXBuildFile; fileRef = 0856EDD82BDA8BD6005146FC /* Parser.swift */; };
		0856EDDB2BDA8C07005146FC /* APIError.swift in Sources */ = {isa = PBXBuildFile; fileRef = 0856EDDA2BDA8C07005146FC /* APIError.swift */; };
		0856EDDD2BDA8C33005146FC /* AppEnvironment.swift in Sources */ = {isa = PBXBuildFile; fileRef = 0856EDDC2BDA8C33005146FC /* AppEnvironment.swift */; };
		0856EDDF2BDA8C4C005146FC /* APIClientLive.swift in Sources */ = {isa = PBXBuildFile; fileRef = 0856EDDE2BDA8C4C005146FC /* APIClientLive.swift */; };
		0856EDE12BDA8C60005146FC /* APIClient.swift in Sources */ = {isa = PBXBuildFile; fileRef = 0856EDE02BDA8C60005146FC /* APIClient.swift */; };
		0856EDE32BDA8C98005146FC /* mockData.json in Resources */ = {isa = PBXBuildFile; fileRef = 0856EDE22BDA8C98005146FC /* mockData.json */; };
		0856EDE62BDA8D3A005146FC /* SnapshotTesting in Frameworks */ = {isa = PBXBuildFile; productRef = 0856EDE52BDA8D3A005146FC /* SnapshotTesting */; };
		0856EDE92BDA8E69005146FC /* CourseService.swift in Sources */ = {isa = PBXBuildFile; fileRef = 0856EDE82BDA8E69005146FC /* CourseService.swift */; };
		0856EDEB2BDA8E8E005146FC /* CourseService+Live.swift in Sources */ = {isa = PBXBuildFile; fileRef = 0856EDEA2BDA8E8E005146FC /* CourseService+Live.swift */; };
		0856EDED2BDA8F1B005146FC /* CoursesResponse.swift in Sources */ = {isa = PBXBuildFile; fileRef = 0856EDEC2BDA8F1B005146FC /* CoursesResponse.swift */; };
		0856EDEF2BDA9425005146FC /* CourseRepository+Live.swift in Sources */ = {isa = PBXBuildFile; fileRef = 0856EDEE2BDA9425005146FC /* CourseRepository+Live.swift */; };
		0856EDF22BDA94D8005146FC /* CoursesLocalDataSource.swift in Sources */ = {isa = PBXBuildFile; fileRef = 0856EDF12BDA94D8005146FC /* CoursesLocalDataSource.swift */; };
		0856EDF92BDA9581005146FC /* RealmProvider.swift in Sources */ = {isa = PBXBuildFile; fileRef = 0856EDF52BDA9581005146FC /* RealmProvider.swift */; };
		0856EDFA2BDA9581005146FC /* CourseModel.swift in Sources */ = {isa = PBXBuildFile; fileRef = 0856EDF72BDA9581005146FC /* CourseModel.swift */; };
		0856EDFB2BDA9581005146FC /* CourseListModel.swift in Sources */ = {isa = PBXBuildFile; fileRef = 0856EDF82BDA9581005146FC /* CourseListModel.swift */; };
		0856EDFE2BDA9BF6005146FC /* Realm in Frameworks */ = {isa = PBXBuildFile; productRef = 0856EDFD2BDA9BF6005146FC /* Realm */; };
		0856EE002BDA9BF6005146FC /* RealmSwift in Frameworks */ = {isa = PBXBuildFile; productRef = 0856EDFF2BDA9BF6005146FC /* RealmSwift */; };
		0856EE022BDA9D0C005146FC /* CourseRepository.swift in Sources */ = {isa = PBXBuildFile; fileRef = 0856EE012BDA9D0C005146FC /* CourseRepository.swift */; };
		0856EE042BDAAE8F005146FC /* CourseList.swift in Sources */ = {isa = PBXBuildFile; fileRef = 0856EE032BDAAE8F005146FC /* CourseList.swift */; };
		0856EE062BDAAED7005146FC /* Course.swift in Sources */ = {isa = PBXBuildFile; fileRef = 0856EE052BDAAED7005146FC /* Course.swift */; };
		0856EE082BDAB083005146FC /* Course+DomainMapper.swift in Sources */ = {isa = PBXBuildFile; fileRef = 0856EE072BDAB083005146FC /* Course+DomainMapper.swift */; };
		0856EE0A2BDAB46C005146FC /* FetchAllCoursesUseCase.swift in Sources */ = {isa = PBXBuildFile; fileRef = 0856EE092BDAB46C005146FC /* FetchAllCoursesUseCase.swift */; };
		0856EE132BDAB545005146FC /* HomeView.swift in Sources */ = {isa = PBXBuildFile; fileRef = 0856EE122BDAB545005146FC /* HomeView.swift */; };
		0856EE152BDAB550005146FC /* HomeViewModel.swift in Sources */ = {isa = PBXBuildFile; fileRef = 0856EE142BDAB550005146FC /* HomeViewModel.swift */; };
		0856EE1B2BDAB5A2005146FC /* Coordinator.swift in Sources */ = {isa = PBXBuildFile; fileRef = 0856EE172BDAB5A2005146FC /* Coordinator.swift */; };
		0856EE1C2BDAB5A2005146FC /* AppCoordinatorView.swift in Sources */ = {isa = PBXBuildFile; fileRef = 0856EE182BDAB5A2005146FC /* AppCoordinatorView.swift */; };
		0856EE1D2BDAB5A2005146FC /* AppCoordinator.swift in Sources */ = {isa = PBXBuildFile; fileRef = 0856EE192BDAB5A2005146FC /* AppCoordinator.swift */; };
		0856EE1E2BDAB5A2005146FC /* Routable.swift in Sources */ = {isa = PBXBuildFile; fileRef = 0856EE1A2BDAB5A2005146FC /* Routable.swift */; };
		0856EE222BDAB603005146FC /* HomeCoordinator.swift in Sources */ = {isa = PBXBuildFile; fileRef = 0856EE1F2BDAB603005146FC /* HomeCoordinator.swift */; };
		0856EE232BDAB603005146FC /* HomeCoordinatorProtocol.swift in Sources */ = {isa = PBXBuildFile; fileRef = 0856EE202BDAB603005146FC /* HomeCoordinatorProtocol.swift */; };
		0856EE242BDAB603005146FC /* HomeCoordinatorView.swift in Sources */ = {isa = PBXBuildFile; fileRef = 0856EE212BDAB603005146FC /* HomeCoordinatorView.swift */; };
		0856EE262BDAB7A5005146FC /* HomeViewState.swift in Sources */ = {isa = PBXBuildFile; fileRef = 0856EE252BDAB7A5005146FC /* HomeViewState.swift */; };
		0856EE292BDABBFD005146FC /* ErrorView.swift in Sources */ = {isa = PBXBuildFile; fileRef = 0856EE282BDABBFD005146FC /* ErrorView.swift */; };
		0856EE2B2BDABC4D005146FC /* Localizable.xcstrings in Resources */ = {isa = PBXBuildFile; fileRef = 0856EE2A2BDABC4D005146FC /* Localizable.xcstrings */; };
		0856EE2E2BDABD13005146FC /* CourseView.swift in Sources */ = {isa = PBXBuildFile; fileRef = 0856EE2D2BDABD13005146FC /* CourseView.swift */; };
		0856EE302BDABD82005146FC /* Dimensions.swift in Sources */ = {isa = PBXBuildFile; fileRef = 0856EE2F2BDABD82005146FC /* Dimensions.swift */; };
		0856EE322BDABED3005146FC /* String+Extension.swift in Sources */ = {isa = PBXBuildFile; fileRef = 0856EE312BDABED3005146FC /* String+Extension.swift */; };
		0856EE352BDABF37005146FC /* NukeUI in Frameworks */ = {isa = PBXBuildFile; productRef = 0856EE342BDABF37005146FC /* NukeUI */; };
		0856EE372BDABFDB005146FC /* PreviewData.swift in Sources */ = {isa = PBXBuildFile; fileRef = 0856EE362BDABFDB005146FC /* PreviewData.swift */; };
		0856EE392BDAC086005146FC /* CourseListView.swift in Sources */ = {isa = PBXBuildFile; fileRef = 0856EE382BDAC086005146FC /* CourseListView.swift */; };
		0856EE3B2BDAC49D005146FC /* CourseDetailView.swift in Sources */ = {isa = PBXBuildFile; fileRef = 0856EE3A2BDAC49D005146FC /* CourseDetailView.swift */; };
		0856EE3D2BDAC954005146FC /* Swinject in Frameworks */ = {isa = PBXBuildFile; productRef = 0856EE3C2BDAC954005146FC /* Swinject */; };
		0856EE3F2BDAE8B7005146FC /* CapsuleText.swift in Sources */ = {isa = PBXBuildFile; fileRef = 0856EE3E2BDAE8B7005146FC /* CapsuleText.swift */; };
		0856EE412BDB01A6005146FC /* StickyHeaderView.swift in Sources */ = {isa = PBXBuildFile; fileRef = 0856EE402BDB01A6005146FC /* StickyHeaderView.swift */; };
		0856EE432BDB851D005146FC /* PrimaryButton.swift in Sources */ = {isa = PBXBuildFile; fileRef = 0856EE422BDB851D005146FC /* PrimaryButton.swift */; };
		0856EE452BDB9F5F005146FC /* SortPersonalisedCourseUseCase.swift in Sources */ = {isa = PBXBuildFile; fileRef = 0856EE442BDB9F5F005146FC /* SortPersonalisedCourseUseCase.swift */; };
		0856EE472BDBAB1E005146FC /* User.swift in Sources */ = {isa = PBXBuildFile; fileRef = 0856EE462BDBAB1E005146FC /* User.swift */; };
		0856EE4A2BDBAC61005146FC /* ProfileView.swift in Sources */ = {isa = PBXBuildFile; fileRef = 0856EE492BDBAC61005146FC /* ProfileView.swift */; };
		0856EE4D2BDBB5D3005146FC /* LessonListView.swift in Sources */ = {isa = PBXBuildFile; fileRef = 0856EE4C2BDBB5D3005146FC /* LessonListView.swift */; };
		0856EE512BDBB935005146FC /* CombinePublisherTest.swift in Sources */ = {isa = PBXBuildFile; fileRef = 0856EE502BDBB935005146FC /* CombinePublisherTest.swift */; };
		0856EE532BDBB943005146FC /* SwiftUI.swift in Sources */ = {isa = PBXBuildFile; fileRef = 0856EE522BDBB943005146FC /* SwiftUI.swift */; };
		0856EE552BDBB970005146FC /* MockAPIClient.swift in Sources */ = {isa = PBXBuildFile; fileRef = 0856EE542BDBB970005146FC /* MockAPIClient.swift */; };
		0856EE572BDBB993005146FC /* MockResponse.swift in Sources */ = {isa = PBXBuildFile; fileRef = 0856EE562BDBB993005146FC /* MockResponse.swift */; };
		0856EE592BDBBA4B005146FC /* MockFetchAllCoursesUseCases.swift in Sources */ = {isa = PBXBuildFile; fileRef = 0856EE582BDBBA4B005146FC /* MockFetchAllCoursesUseCases.swift */; };
		0856EE5B2BDBBAB7005146FC /* MockHomeCoordinator.swift in Sources */ = {isa = PBXBuildFile; fileRef = 0856EE5A2BDBBAB7005146FC /* MockHomeCoordinator.swift */; };
		0856EE5D2BDBBAF8005146FC /* MockCourseService.swift in Sources */ = {isa = PBXBuildFile; fileRef = 0856EE5C2BDBBAF8005146FC /* MockCourseService.swift */; };
		0856EE5F2BDBBB92005146FC /* MockCoursesLocalDataSource.swift in Sources */ = {isa = PBXBuildFile; fileRef = 0856EE5E2BDBBB92005146FC /* MockCoursesLocalDataSource.swift */; };
		0856EE612BDBBC75005146FC /* MockSortPersonalisedCourseuseCase.swift in Sources */ = {isa = PBXBuildFile; fileRef = 0856EE602BDBBC75005146FC /* MockSortPersonalisedCourseuseCase.swift */; };
		0856EE632BDBC0AE005146FC /* HomeViewModelTests.swift in Sources */ = {isa = PBXBuildFile; fileRef = 0856EE622BDBC0AE005146FC /* HomeViewModelTests.swift */; };
		0856EE652BDBC1F6005146FC /* CourseServiceTests.swift in Sources */ = {isa = PBXBuildFile; fileRef = 0856EE642BDBC1F6005146FC /* CourseServiceTests.swift */; };
		0856EE672BDBC76E005146FC /* CourseRepositoryTests.swift in Sources */ = {isa = PBXBuildFile; fileRef = 0856EE662BDBC76E005146FC /* CourseRepositoryTests.swift */; };
		0856EE692BDBCCDC005146FC /* README.md in Resources */ = {isa = PBXBuildFile; fileRef = 0856EE682BDBCCDC005146FC /* README.md */; };
		0856EE6B2BDBD5FC005146FC /* NetworkMonitor.swift in Sources */ = {isa = PBXBuildFile; fileRef = 0856EE6A2BDBD5FC005146FC /* NetworkMonitor.swift */; };
/* End PBXBuildFile section */

/* Begin PBXContainerItemProxy section */
		0856EDAA2BDA8937005146FC /* PBXContainerItemProxy */ = {
			isa = PBXContainerItemProxy;
			containerPortal = 0856ED912BDA8936005146FC /* Project object */;
			proxyType = 1;
			remoteGlobalIDString = 0856ED982BDA8936005146FC;
			remoteInfo = RahberApp;
		};
		0856EDB42BDA8937005146FC /* PBXContainerItemProxy */ = {
			isa = PBXContainerItemProxy;
			containerPortal = 0856ED912BDA8936005146FC /* Project object */;
			proxyType = 1;
			remoteGlobalIDString = 0856ED982BDA8936005146FC;
			remoteInfo = RahberApp;
		};
/* End PBXContainerItemProxy section */

/* Begin PBXFileReference section */
		0856ED992BDA8936005146FC /* RahberApp.app */ = {isa = PBXFileReference; explicitFileType = wrapper.application; includeInIndex = 0; path = RahberApp.app; sourceTree = BUILT_PRODUCTS_DIR; };
		0856ED9C2BDA8936005146FC /* RahberApp.swift */ = {isa = PBXFileReference; lastKnownFileType = sourcecode.swift; path = RahberApp.swift; sourceTree = "<group>"; };
		0856EDA02BDA8937005146FC /* Assets.xcassets */ = {isa = PBXFileReference; lastKnownFileType = folder.assetcatalog; path = Assets.xcassets; sourceTree = "<group>"; };
		0856EDA32BDA8937005146FC /* Preview Assets.xcassets */ = {isa = PBXFileReference; lastKnownFileType = folder.assetcatalog; path = "Preview Assets.xcassets"; sourceTree = "<group>"; };
		0856EDA92BDA8937005146FC /* RahberAppTests.xctest */ = {isa = PBXFileReference; explicitFileType = wrapper.cfbundle; includeInIndex = 0; path = RahberAppTests.xctest; sourceTree = BUILT_PRODUCTS_DIR; };
		0856EDAD2BDA8937005146FC /* RahberAppTests.swift */ = {isa = PBXFileReference; lastKnownFileType = sourcecode.swift; path = RahberAppTests.swift; sourceTree = "<group>"; };
		0856EDB32BDA8937005146FC /* RahberAppUITests.xctest */ = {isa = PBXFileReference; explicitFileType = wrapper.cfbundle; includeInIndex = 0; path = RahberAppUITests.xctest; sourceTree = BUILT_PRODUCTS_DIR; };
		0856EDB72BDA8937005146FC /* RahberAppUITests.swift */ = {isa = PBXFileReference; lastKnownFileType = sourcecode.swift; path = RahberAppUITests.swift; sourceTree = "<group>"; };
		0856EDB92BDA8937005146FC /* RahberAppUITestsLaunchTests.swift */ = {isa = PBXFileReference; lastKnownFileType = sourcecode.swift; path = RahberAppUITestsLaunchTests.swift; sourceTree = "<group>"; };
		0856EDC82BDA8AC6005146FC /* Resolver.swift */ = {isa = PBXFileReference; lastKnownFileType = sourcecode.swift; path = Resolver.swift; sourceTree = "<group>"; };
		0856EDD62BDA8BBF005146FC /* Logger.swift */ = {isa = PBXFileReference; lastKnownFileType = sourcecode.swift; path = Logger.swift; sourceTree = "<group>"; };
		0856EDD82BDA8BD6005146FC /* Parser.swift */ = {isa = PBXFileReference; lastKnownFileType = sourcecode.swift; path = Parser.swift; sourceTree = "<group>"; };
		0856EDDA2BDA8C07005146FC /* APIError.swift */ = {isa = PBXFileReference; lastKnownFileType = sourcecode.swift; path = APIError.swift; sourceTree = "<group>"; };
		0856EDDC2BDA8C33005146FC /* AppEnvironment.swift */ = {isa = PBXFileReference; lastKnownFileType = sourcecode.swift; path = AppEnvironment.swift; sourceTree = "<group>"; };
		0856EDDE2BDA8C4C005146FC /* APIClientLive.swift */ = {isa = PBXFileReference; lastKnownFileType = sourcecode.swift; path = APIClientLive.swift; sourceTree = "<group>"; };
		0856EDE02BDA8C60005146FC /* APIClient.swift */ = {isa = PBXFileReference; lastKnownFileType = sourcecode.swift; path = APIClient.swift; sourceTree = "<group>"; };
		0856EDE22BDA8C98005146FC /* mockData.json */ = {isa = PBXFileReference; fileEncoding = 4; lastKnownFileType = text.json; path = mockData.json; sourceTree = "<group>"; };
		0856EDE82BDA8E69005146FC /* CourseService.swift */ = {isa = PBXFileReference; lastKnownFileType = sourcecode.swift; path = CourseService.swift; sourceTree = "<group>"; };
		0856EDEA2BDA8E8E005146FC /* CourseService+Live.swift */ = {isa = PBXFileReference; lastKnownFileType = sourcecode.swift; path = "CourseService+Live.swift"; sourceTree = "<group>"; };
		0856EDEC2BDA8F1B005146FC /* CoursesResponse.swift */ = {isa = PBXFileReference; lastKnownFileType = sourcecode.swift; path = CoursesResponse.swift; sourceTree = "<group>"; };
		0856EDEE2BDA9425005146FC /* CourseRepository+Live.swift */ = {isa = PBXFileReference; lastKnownFileType = sourcecode.swift; path = "CourseRepository+Live.swift"; sourceTree = "<group>"; };
		0856EDF12BDA94D8005146FC /* CoursesLocalDataSource.swift */ = {isa = PBXFileReference; lastKnownFileType = sourcecode.swift; path = CoursesLocalDataSource.swift; sourceTree = "<group>"; };
		0856EDF52BDA9581005146FC /* RealmProvider.swift */ = {isa = PBXFileReference; fileEncoding = 4; lastKnownFileType = sourcecode.swift; path = RealmProvider.swift; sourceTree = "<group>"; };
		0856EDF72BDA9581005146FC /* CourseModel.swift */ = {isa = PBXFileReference; fileEncoding = 4; lastKnownFileType = sourcecode.swift; path = CourseModel.swift; sourceTree = "<group>"; };
		0856EDF82BDA9581005146FC /* CourseListModel.swift */ = {isa = PBXFileReference; fileEncoding = 4; lastKnownFileType = sourcecode.swift; path = CourseListModel.swift; sourceTree = "<group>"; };
		0856EE012BDA9D0C005146FC /* CourseRepository.swift */ = {isa = PBXFileReference; lastKnownFileType = sourcecode.swift; path = CourseRepository.swift; sourceTree = "<group>"; };
		0856EE032BDAAE8F005146FC /* CourseList.swift */ = {isa = PBXFileReference; lastKnownFileType = sourcecode.swift; path = CourseList.swift; sourceTree = "<group>"; };
		0856EE052BDAAED7005146FC /* Course.swift */ = {isa = PBXFileReference; lastKnownFileType = sourcecode.swift; path = Course.swift; sourceTree = "<group>"; };
		0856EE072BDAB083005146FC /* Course+DomainMapper.swift */ = {isa = PBXFileReference; lastKnownFileType = sourcecode.swift; path = "Course+DomainMapper.swift"; sourceTree = "<group>"; };
		0856EE092BDAB46C005146FC /* FetchAllCoursesUseCase.swift */ = {isa = PBXFileReference; lastKnownFileType = sourcecode.swift; path = FetchAllCoursesUseCase.swift; sourceTree = "<group>"; };
		0856EE122BDAB545005146FC /* HomeView.swift */ = {isa = PBXFileReference; lastKnownFileType = sourcecode.swift; path = HomeView.swift; sourceTree = "<group>"; };
		0856EE142BDAB550005146FC /* HomeViewModel.swift */ = {isa = PBXFileReference; lastKnownFileType = sourcecode.swift; path = HomeViewModel.swift; sourceTree = "<group>"; };
		0856EE172BDAB5A2005146FC /* Coordinator.swift */ = {isa = PBXFileReference; fileEncoding = 4; lastKnownFileType = sourcecode.swift; path = Coordinator.swift; sourceTree = "<group>"; };
		0856EE182BDAB5A2005146FC /* AppCoordinatorView.swift */ = {isa = PBXFileReference; fileEncoding = 4; lastKnownFileType = sourcecode.swift; path = AppCoordinatorView.swift; sourceTree = "<group>"; };
		0856EE192BDAB5A2005146FC /* AppCoordinator.swift */ = {isa = PBXFileReference; fileEncoding = 4; lastKnownFileType = sourcecode.swift; path = AppCoordinator.swift; sourceTree = "<group>"; };
		0856EE1A2BDAB5A2005146FC /* Routable.swift */ = {isa = PBXFileReference; fileEncoding = 4; lastKnownFileType = sourcecode.swift; path = Routable.swift; sourceTree = "<group>"; };
		0856EE1F2BDAB603005146FC /* HomeCoordinator.swift */ = {isa = PBXFileReference; fileEncoding = 4; lastKnownFileType = sourcecode.swift; path = HomeCoordinator.swift; sourceTree = "<group>"; };
		0856EE202BDAB603005146FC /* HomeCoordinatorProtocol.swift */ = {isa = PBXFileReference; fileEncoding = 4; lastKnownFileType = sourcecode.swift; path = HomeCoordinatorProtocol.swift; sourceTree = "<group>"; };
		0856EE212BDAB603005146FC /* HomeCoordinatorView.swift */ = {isa = PBXFileReference; fileEncoding = 4; lastKnownFileType = sourcecode.swift; path = HomeCoordinatorView.swift; sourceTree = "<group>"; };
		0856EE252BDAB7A5005146FC /* HomeViewState.swift */ = {isa = PBXFileReference; lastKnownFileType = sourcecode.swift; path = HomeViewState.swift; sourceTree = "<group>"; };
		0856EE282BDABBFD005146FC /* ErrorView.swift */ = {isa = PBXFileReference; lastKnownFileType = sourcecode.swift; path = ErrorView.swift; sourceTree = "<group>"; };
		0856EE2A2BDABC4D005146FC /* Localizable.xcstrings */ = {isa = PBXFileReference; fileEncoding = 4; lastKnownFileType = text.json.xcstrings; path = Localizable.xcstrings; sourceTree = "<group>"; };
		0856EE2D2BDABD13005146FC /* CourseView.swift */ = {isa = PBXFileReference; lastKnownFileType = sourcecode.swift; path = CourseView.swift; sourceTree = "<group>"; };
		0856EE2F2BDABD82005146FC /* Dimensions.swift */ = {isa = PBXFileReference; lastKnownFileType = sourcecode.swift; path = Dimensions.swift; sourceTree = "<group>"; };
		0856EE312BDABED3005146FC /* String+Extension.swift */ = {isa = PBXFileReference; lastKnownFileType = sourcecode.swift; path = "String+Extension.swift"; sourceTree = "<group>"; };
		0856EE362BDABFDB005146FC /* PreviewData.swift */ = {isa = PBXFileReference; lastKnownFileType = sourcecode.swift; path = PreviewData.swift; sourceTree = "<group>"; };
		0856EE382BDAC086005146FC /* CourseListView.swift */ = {isa = PBXFileReference; lastKnownFileType = sourcecode.swift; path = CourseListView.swift; sourceTree = "<group>"; };
		0856EE3A2BDAC49D005146FC /* CourseDetailView.swift */ = {isa = PBXFileReference; lastKnownFileType = sourcecode.swift; path = CourseDetailView.swift; sourceTree = "<group>"; };
		0856EE3E2BDAE8B7005146FC /* CapsuleText.swift */ = {isa = PBXFileReference; lastKnownFileType = sourcecode.swift; path = CapsuleText.swift; sourceTree = "<group>"; };
		0856EE402BDB01A6005146FC /* StickyHeaderView.swift */ = {isa = PBXFileReference; lastKnownFileType = sourcecode.swift; path = StickyHeaderView.swift; sourceTree = "<group>"; };
		0856EE422BDB851D005146FC /* PrimaryButton.swift */ = {isa = PBXFileReference; lastKnownFileType = sourcecode.swift; path = PrimaryButton.swift; sourceTree = "<group>"; };
		0856EE442BDB9F5F005146FC /* SortPersonalisedCourseUseCase.swift */ = {isa = PBXFileReference; lastKnownFileType = sourcecode.swift; path = SortPersonalisedCourseUseCase.swift; sourceTree = "<group>"; };
		0856EE462BDBAB1E005146FC /* User.swift */ = {isa = PBXFileReference; lastKnownFileType = sourcecode.swift; path = User.swift; sourceTree = "<group>"; };
		0856EE492BDBAC61005146FC /* ProfileView.swift */ = {isa = PBXFileReference; lastKnownFileType = sourcecode.swift; path = ProfileView.swift; sourceTree = "<group>"; };
		0856EE4C2BDBB5D3005146FC /* LessonListView.swift */ = {isa = PBXFileReference; lastKnownFileType = sourcecode.swift; path = LessonListView.swift; sourceTree = "<group>"; };
		0856EE502BDBB935005146FC /* CombinePublisherTest.swift */ = {isa = PBXFileReference; lastKnownFileType = sourcecode.swift; path = CombinePublisherTest.swift; sourceTree = "<group>"; };
		0856EE522BDBB943005146FC /* SwiftUI.swift */ = {isa = PBXFileReference; lastKnownFileType = sourcecode.swift; path = SwiftUI.swift; sourceTree = "<group>"; };
		0856EE542BDBB970005146FC /* MockAPIClient.swift */ = {isa = PBXFileReference; lastKnownFileType = sourcecode.swift; path = MockAPIClient.swift; sourceTree = "<group>"; };
		0856EE562BDBB993005146FC /* MockResponse.swift */ = {isa = PBXFileReference; lastKnownFileType = sourcecode.swift; path = MockResponse.swift; sourceTree = "<group>"; };
		0856EE582BDBBA4B005146FC /* MockFetchAllCoursesUseCases.swift */ = {isa = PBXFileReference; lastKnownFileType = sourcecode.swift; path = MockFetchAllCoursesUseCases.swift; sourceTree = "<group>"; };
		0856EE5A2BDBBAB7005146FC /* MockHomeCoordinator.swift */ = {isa = PBXFileReference; lastKnownFileType = sourcecode.swift; path = MockHomeCoordinator.swift; sourceTree = "<group>"; };
		0856EE5C2BDBBAF8005146FC /* MockCourseService.swift */ = {isa = PBXFileReference; lastKnownFileType = sourcecode.swift; path = MockCourseService.swift; sourceTree = "<group>"; };
		0856EE5E2BDBBB92005146FC /* MockCoursesLocalDataSource.swift */ = {isa = PBXFileReference; lastKnownFileType = sourcecode.swift; path = MockCoursesLocalDataSource.swift; sourceTree = "<group>"; };
		0856EE602BDBBC75005146FC /* MockSortPersonalisedCourseuseCase.swift */ = {isa = PBXFileReference; lastKnownFileType = sourcecode.swift; path = MockSortPersonalisedCourseuseCase.swift; sourceTree = "<group>"; };
		0856EE622BDBC0AE005146FC /* HomeViewModelTests.swift */ = {isa = PBXFileReference; lastKnownFileType = sourcecode.swift; path = HomeViewModelTests.swift; sourceTree = "<group>"; };
		0856EE642BDBC1F6005146FC /* CourseServiceTests.swift */ = {isa = PBXFileReference; lastKnownFileType = sourcecode.swift; path = CourseServiceTests.swift; sourceTree = "<group>"; };
		0856EE662BDBC76E005146FC /* CourseRepositoryTests.swift */ = {isa = PBXFileReference; lastKnownFileType = sourcecode.swift; path = CourseRepositoryTests.swift; sourceTree = "<group>"; };
		0856EE682BDBCCDC005146FC /* README.md */ = {isa = PBXFileReference; fileEncoding = 4; lastKnownFileType = net.daringfireball.markdown; path = README.md; sourceTree = "<group>"; };
		0856EE6A2BDBD5FC005146FC /* NetworkMonitor.swift */ = {isa = PBXFileReference; lastKnownFileType = sourcecode.swift; path = NetworkMonitor.swift; sourceTree = "<group>"; };
/* End PBXFileReference section */

/* Begin PBXFrameworksBuildPhase section */
		0856ED962BDA8936005146FC /* Frameworks */ = {
			isa = PBXFrameworksBuildPhase;
			buildActionMask = 2147483647;
			files = (
				0856EE352BDABF37005146FC /* NukeUI in Frameworks */,
				0856EE002BDA9BF6005146FC /* RealmSwift in Frameworks */,
				0856EDFE2BDA9BF6005146FC /* Realm in Frameworks */,
				0856EE3D2BDAC954005146FC /* Swinject in Frameworks */,
			);
			runOnlyForDeploymentPostprocessing = 0;
		};
		0856EDA62BDA8937005146FC /* Frameworks */ = {
			isa = PBXFrameworksBuildPhase;
			buildActionMask = 2147483647;
			files = (
				0856EDE62BDA8D3A005146FC /* SnapshotTesting in Frameworks */,
			);
			runOnlyForDeploymentPostprocessing = 0;
		};
		0856EDB02BDA8937005146FC /* Frameworks */ = {
			isa = PBXFrameworksBuildPhase;
			buildActionMask = 2147483647;
			files = (
			);
			runOnlyForDeploymentPostprocessing = 0;
		};
/* End PBXFrameworksBuildPhase section */

/* Begin PBXGroup section */
		0856ED902BDA8935005146FC = {
			isa = PBXGroup;
			children = (
				0856EE682BDBCCDC005146FC /* README.md */,
				0856ED9B2BDA8936005146FC /* RahberApp */,
				0856EDAC2BDA8937005146FC /* RahberAppTests */,
				0856EDB62BDA8937005146FC /* RahberAppUITests */,
				0856ED9A2BDA8936005146FC /* Products */,
			);
			sourceTree = "<group>";
		};
		0856ED9A2BDA8936005146FC /* Products */ = {
			isa = PBXGroup;
			children = (
				0856ED992BDA8936005146FC /* RahberApp.app */,
				0856EDA92BDA8937005146FC /* RahberAppTests.xctest */,
				0856EDB32BDA8937005146FC /* RahberAppUITests.xctest */,
			);
			name = Products;
			sourceTree = "<group>";
		};
		0856ED9B2BDA8936005146FC /* RahberApp */ = {
			isa = PBXGroup;
			children = (
				0856EDC62BDA8A86005146FC /* Application */,
				0856EDCA2BDA8AF7005146FC /* Data */,
				0856EDCE2BDA8B31005146FC /* Domain */,
				0856EDD22BDA8B64005146FC /* Presentation */,
				0856EDD32BDA8B74005146FC /* API */,
				0856EDD42BDA8B7C005146FC /* Resources */,
				0856EDD52BDA8B83005146FC /* Utils */,
				0856ED9C2BDA8936005146FC /* RahberApp.swift */,
				0856EDA02BDA8937005146FC /* Assets.xcassets */,
				0856EDA22BDA8937005146FC /* Preview Content */,
			);
			path = RahberApp;
			sourceTree = "<group>";
		};
		0856EDA22BDA8937005146FC /* Preview Content */ = {
			isa = PBXGroup;
			children = (
				0856EDA32BDA8937005146FC /* Preview Assets.xcassets */,
			);
			path = "Preview Content";
			sourceTree = "<group>";
		};
		0856EDAC2BDA8937005146FC /* RahberAppTests */ = {
			isa = PBXGroup;
			children = (
				0856EE4F2BDBB91A005146FC /* Utils */,
				0856EE4E2BDBB912005146FC /* Mocks */,
				0856EDAD2BDA8937005146FC /* RahberAppTests.swift */,
				0856EE622BDBC0AE005146FC /* HomeViewModelTests.swift */,
				0856EE642BDBC1F6005146FC /* CourseServiceTests.swift */,
				0856EE662BDBC76E005146FC /* CourseRepositoryTests.swift */,
			);
			path = RahberAppTests;
			sourceTree = "<group>";
		};
		0856EDB62BDA8937005146FC /* RahberAppUITests */ = {
			isa = PBXGroup;
			children = (
				0856EDB72BDA8937005146FC /* RahberAppUITests.swift */,
				0856EDB92BDA8937005146FC /* RahberAppUITestsLaunchTests.swift */,
			);
			path = RahberAppUITests;
			sourceTree = "<group>";
		};
		0856EDC62BDA8A86005146FC /* Application */ = {
			isa = PBXGroup;
			children = (
				0856EDC72BDA8A9D005146FC /* DependencyInjection */,
			);
			path = Application;
			sourceTree = "<group>";
		};
		0856EDC72BDA8A9D005146FC /* DependencyInjection */ = {
			isa = PBXGroup;
			children = (
				0856EDC82BDA8AC6005146FC /* Resolver.swift */,
			);
			path = DependencyInjection;
			sourceTree = "<group>";
		};
		0856EDCA2BDA8AF7005146FC /* Data */ = {
			isa = PBXGroup;
			children = (
				0856EDF32BDA9581005146FC /* Persistence */,
				0856EDF02BDA94B6005146FC /* DataSources */,
				0856EDCD2BDA8B1C005146FC /* Repositories */,
				0856EDCC2BDA8B0A005146FC /* Network */,
				0856EDCB2BDA8AFC005146FC /* Mapper */,
			);
			path = Data;
			sourceTree = "<group>";
		};
		0856EDCB2BDA8AFC005146FC /* Mapper */ = {
			isa = PBXGroup;
			children = (
				0856EDEC2BDA8F1B005146FC /* CoursesResponse.swift */,
				0856EE072BDAB083005146FC /* Course+DomainMapper.swift */,
			);
			path = Mapper;
			sourceTree = "<group>";
		};
		0856EDCC2BDA8B0A005146FC /* Network */ = {
			isa = PBXGroup;
			children = (
				0856EDE82BDA8E69005146FC /* CourseService.swift */,
				0856EDEA2BDA8E8E005146FC /* CourseService+Live.swift */,
			);
			path = Network;
			sourceTree = "<group>";
		};
		0856EDCD2BDA8B1C005146FC /* Repositories */ = {
			isa = PBXGroup;
			children = (
				0856EDEE2BDA9425005146FC /* CourseRepository+Live.swift */,
			);
			path = Repositories;
			sourceTree = "<group>";
		};
		0856EDCE2BDA8B31005146FC /* Domain */ = {
			isa = PBXGroup;
			children = (
				0856EDD12BDA8B50005146FC /* UseCases */,
				0856EDD02BDA8B41005146FC /* Entities */,
				0856EDCF2BDA8B38005146FC /* Interfaces */,
			);
			path = Domain;
			sourceTree = "<group>";
		};
		0856EDCF2BDA8B38005146FC /* Interfaces */ = {
			isa = PBXGroup;
			children = (
				0856EE012BDA9D0C005146FC /* CourseRepository.swift */,
			);
			path = Interfaces;
			sourceTree = "<group>";
		};
		0856EDD02BDA8B41005146FC /* Entities */ = {
			isa = PBXGroup;
			children = (
				0856EE032BDAAE8F005146FC /* CourseList.swift */,
				0856EE052BDAAED7005146FC /* Course.swift */,
				0856EE462BDBAB1E005146FC /* User.swift */,
			);
			path = Entities;
			sourceTree = "<group>";
		};
		0856EDD12BDA8B50005146FC /* UseCases */ = {
			isa = PBXGroup;
			children = (
				0856EE092BDAB46C005146FC /* FetchAllCoursesUseCase.swift */,
				0856EE442BDB9F5F005146FC /* SortPersonalisedCourseUseCase.swift */,
			);
			path = UseCases;
			sourceTree = "<group>";
		};
		0856EDD22BDA8B64005146FC /* Presentation */ = {
			isa = PBXGroup;
			children = (
				0856EE272BDABBEB005146FC /* ReusableViews */,
				0856EE162BDAB577005146FC /* AppCoordinator */,
				0856EE0B2BDAB4CC005146FC /* Screens */,
			);
			path = Presentation;
			sourceTree = "<group>";
		};
		0856EDD32BDA8B74005146FC /* API */ = {
			isa = PBXGroup;
			children = (
				0856EDDA2BDA8C07005146FC /* APIError.swift */,
				0856EDDC2BDA8C33005146FC /* AppEnvironment.swift */,
				0856EDDE2BDA8C4C005146FC /* APIClientLive.swift */,
				0856EDE02BDA8C60005146FC /* APIClient.swift */,
			);
			path = API;
			sourceTree = "<group>";
		};
		0856EDD42BDA8B7C005146FC /* Resources */ = {
			isa = PBXGroup;
			children = (
				0856EE2A2BDABC4D005146FC /* Localizable.xcstrings */,
				0856EDE22BDA8C98005146FC /* mockData.json */,
			);
			path = Resources;
			sourceTree = "<group>";
		};
		0856EDD52BDA8B83005146FC /* Utils */ = {
			isa = PBXGroup;
			children = (
				0856EDD62BDA8BBF005146FC /* Logger.swift */,
				0856EDD82BDA8BD6005146FC /* Parser.swift */,
				0856EE2F2BDABD82005146FC /* Dimensions.swift */,
				0856EE312BDABED3005146FC /* String+Extension.swift */,
				0856EE362BDABFDB005146FC /* PreviewData.swift */,
				0856EE6A2BDBD5FC005146FC /* NetworkMonitor.swift */,
			);
			path = Utils;
			sourceTree = "<group>";
		};
		0856EDF02BDA94B6005146FC /* DataSources */ = {
			isa = PBXGroup;
			children = (
				0856EDF12BDA94D8005146FC /* CoursesLocalDataSource.swift */,
			);
			path = DataSources;
			sourceTree = "<group>";
		};
		0856EDF32BDA9581005146FC /* Persistence */ = {
			isa = PBXGroup;
			children = (
				0856EDF42BDA9581005146FC /* Realm */,
			);
			path = Persistence;
			sourceTree = "<group>";
		};
		0856EDF42BDA9581005146FC /* Realm */ = {
			isa = PBXGroup;
			children = (
				0856EDF52BDA9581005146FC /* RealmProvider.swift */,
				0856EDF62BDA9581005146FC /* Model */,
			);
			path = Realm;
			sourceTree = "<group>";
		};
		0856EDF62BDA9581005146FC /* Model */ = {
			isa = PBXGroup;
			children = (
				0856EDF72BDA9581005146FC /* CourseModel.swift */,
				0856EDF82BDA9581005146FC /* CourseListModel.swift */,
			);
			path = Model;
			sourceTree = "<group>";
		};
		0856EE0B2BDAB4CC005146FC /* Screens */ = {
			isa = PBXGroup;
			children = (
				0856EE482BDBAC53005146FC /* Profile */,
				0856EE0D2BDAB4DE005146FC /* CourseDetailView */,
				0856EE0C2BDAB4D7005146FC /* Home */,
			);
			path = Screens;
			sourceTree = "<group>";
		};
		0856EE0C2BDAB4D7005146FC /* Home */ = {
			isa = PBXGroup;
			children = (
				0856EE102BDAB51D005146FC /* Coordinator */,
				0856EE0F2BDAB516005146FC /* ViewModel */,
				0856EE0E2BDAB510005146FC /* View */,
			);
			path = Home;
			sourceTree = "<group>";
		};
		0856EE0D2BDAB4DE005146FC /* CourseDetailView */ = {
			isa = PBXGroup;
			children = (
				0856EE4B2BDBB5B9005146FC /* Components */,
				0856EE3A2BDAC49D005146FC /* CourseDetailView.swift */,
			);
			path = CourseDetailView;
			sourceTree = "<group>";
		};
		0856EE0E2BDAB510005146FC /* View */ = {
			isa = PBXGroup;
			children = (
				0856EE2C2BDABCEF005146FC /* Components */,
				0856EE122BDAB545005146FC /* HomeView.swift */,
				0856EE252BDAB7A5005146FC /* HomeViewState.swift */,
			);
			path = View;
			sourceTree = "<group>";
		};
		0856EE0F2BDAB516005146FC /* ViewModel */ = {
			isa = PBXGroup;
			children = (
				0856EE142BDAB550005146FC /* HomeViewModel.swift */,
			);
			path = ViewModel;
			sourceTree = "<group>";
		};
		0856EE102BDAB51D005146FC /* Coordinator */ = {
			isa = PBXGroup;
			children = (
				0856EE1F2BDAB603005146FC /* HomeCoordinator.swift */,
				0856EE202BDAB603005146FC /* HomeCoordinatorProtocol.swift */,
				0856EE212BDAB603005146FC /* HomeCoordinatorView.swift */,
			);
			path = Coordinator;
			sourceTree = "<group>";
		};
		0856EE162BDAB577005146FC /* AppCoordinator */ = {
			isa = PBXGroup;
			children = (
				0856EE192BDAB5A2005146FC /* AppCoordinator.swift */,
				0856EE182BDAB5A2005146FC /* AppCoordinatorView.swift */,
				0856EE172BDAB5A2005146FC /* Coordinator.swift */,
				0856EE1A2BDAB5A2005146FC /* Routable.swift */,
			);
			path = AppCoordinator;
			sourceTree = "<group>";
		};
		0856EE272BDABBEB005146FC /* ReusableViews */ = {
			isa = PBXGroup;
			children = (
				0856EE282BDABBFD005146FC /* ErrorView.swift */,
				0856EE3E2BDAE8B7005146FC /* CapsuleText.swift */,
				0856EE402BDB01A6005146FC /* StickyHeaderView.swift */,
				0856EE422BDB851D005146FC /* PrimaryButton.swift */,
			);
			path = ReusableViews;
			sourceTree = "<group>";
		};
		0856EE2C2BDABCEF005146FC /* Components */ = {
			isa = PBXGroup;
			children = (
				0856EE2D2BDABD13005146FC /* CourseView.swift */,
				0856EE382BDAC086005146FC /* CourseListView.swift */,
			);
			path = Components;
			sourceTree = "<group>";
		};
		0856EE482BDBAC53005146FC /* Profile */ = {
			isa = PBXGroup;
			children = (
				0856EE492BDBAC61005146FC /* ProfileView.swift */,
			);
			path = Profile;
			sourceTree = "<group>";
		};
		0856EE4B2BDBB5B9005146FC /* Components */ = {
			isa = PBXGroup;
			children = (
				0856EE4C2BDBB5D3005146FC /* LessonListView.swift */,
			);
			path = Components;
			sourceTree = "<group>";
		};
		0856EE4E2BDBB912005146FC /* Mocks */ = {
			isa = PBXGroup;
			children = (
				0856EE542BDBB970005146FC /* MockAPIClient.swift */,
				0856EE562BDBB993005146FC /* MockResponse.swift */,
				0856EE582BDBBA4B005146FC /* MockFetchAllCoursesUseCases.swift */,
				0856EE5A2BDBBAB7005146FC /* MockHomeCoordinator.swift */,
				0856EE5C2BDBBAF8005146FC /* MockCourseService.swift */,
				0856EE5E2BDBBB92005146FC /* MockCoursesLocalDataSource.swift */,
				0856EE602BDBBC75005146FC /* MockSortPersonalisedCourseuseCase.swift */,
			);
			path = Mocks;
			sourceTree = "<group>";
		};
		0856EE4F2BDBB91A005146FC /* Utils */ = {
			isa = PBXGroup;
			children = (
				0856EE502BDBB935005146FC /* CombinePublisherTest.swift */,
				0856EE522BDBB943005146FC /* SwiftUI.swift */,
			);
			path = Utils;
			sourceTree = "<group>";
		};
/* End PBXGroup section */

/* Begin PBXNativeTarget section */
		0856ED982BDA8936005146FC /* RahberApp */ = {
			isa = PBXNativeTarget;
			buildConfigurationList = 0856EDBD2BDA8937005146FC /* Build configuration list for PBXNativeTarget "RahberApp" */;
			buildPhases = (
				0856ED952BDA8936005146FC /* Sources */,
				0856ED962BDA8936005146FC /* Frameworks */,
				0856ED972BDA8936005146FC /* Resources */,
			);
			buildRules = (
			);
			dependencies = (
			);
			name = RahberApp;
			packageProductDependencies = (
				0856EDFD2BDA9BF6005146FC /* Realm */,
				0856EDFF2BDA9BF6005146FC /* RealmSwift */,
				0856EE342BDABF37005146FC /* NukeUI */,
				0856EE3C2BDAC954005146FC /* Swinject */,
			);
			productName = RahberApp;
			productReference = 0856ED992BDA8936005146FC /* RahberApp.app */;
			productType = "com.apple.product-type.application";
		};
		0856EDA82BDA8937005146FC /* RahberAppTests */ = {
			isa = PBXNativeTarget;
			buildConfigurationList = 0856EDC02BDA8937005146FC /* Build configuration list for PBXNativeTarget "RahberAppTests" */;
			buildPhases = (
				0856EDA52BDA8937005146FC /* Sources */,
				0856EDA62BDA8937005146FC /* Frameworks */,
				0856EDA72BDA8937005146FC /* Resources */,
			);
			buildRules = (
			);
			dependencies = (
				0856EDAB2BDA8937005146FC /* PBXTargetDependency */,
			);
			name = RahberAppTests;
			packageProductDependencies = (
				0856EDE52BDA8D3A005146FC /* SnapshotTesting */,
			);
			productName = RahberAppTests;
			productReference = 0856EDA92BDA8937005146FC /* RahberAppTests.xctest */;
			productType = "com.apple.product-type.bundle.unit-test";
		};
		0856EDB22BDA8937005146FC /* RahberAppUITests */ = {
			isa = PBXNativeTarget;
			buildConfigurationList = 0856EDC32BDA8937005146FC /* Build configuration list for PBXNativeTarget "RahberAppUITests" */;
			buildPhases = (
				0856EDAF2BDA8937005146FC /* Sources */,
				0856EDB02BDA8937005146FC /* Frameworks */,
				0856EDB12BDA8937005146FC /* Resources */,
			);
			buildRules = (
			);
			dependencies = (
				0856EDB52BDA8937005146FC /* PBXTargetDependency */,
			);
			name = RahberAppUITests;
			productName = RahberAppUITests;
			productReference = 0856EDB32BDA8937005146FC /* RahberAppUITests.xctest */;
			productType = "com.apple.product-type.bundle.ui-testing";
		};
/* End PBXNativeTarget section */

/* Begin PBXProject section */
		0856ED912BDA8936005146FC /* Project object */ = {
			isa = PBXProject;
			attributes = {
				BuildIndependentTargetsInParallel = 1;
				LastSwiftUpdateCheck = 1520;
				LastUpgradeCheck = 1520;
				TargetAttributes = {
					0856ED982BDA8936005146FC = {
						CreatedOnToolsVersion = 15.2;
					};
					0856EDA82BDA8937005146FC = {
						CreatedOnToolsVersion = 15.2;
						TestTargetID = 0856ED982BDA8936005146FC;
					};
					0856EDB22BDA8937005146FC = {
						CreatedOnToolsVersion = 15.2;
						TestTargetID = 0856ED982BDA8936005146FC;
					};
				};
			};
			buildConfigurationList = 0856ED942BDA8936005146FC /* Build configuration list for PBXProject "RahberApp" */;
			compatibilityVersion = "Xcode 14.0";
			developmentRegion = en;
			hasScannedForEncodings = 0;
			knownRegions = (
				en,
				Base,
				"en-GB",
			);
			mainGroup = 0856ED902BDA8935005146FC;
			packageReferences = (
				0856EDE42BDA8D3A005146FC /* XCRemoteSwiftPackageReference "swift-snapshot-testing" */,
				0856EDE72BDA8D4E005146FC /* XCRemoteSwiftPackageReference "Swinject" */,
				0856EDFC2BDA9620005146FC /* XCRemoteSwiftPackageReference "realm-swift" */,
				0856EE332BDABF37005146FC /* XCRemoteSwiftPackageReference "Nuke" */,
			);
			productRefGroup = 0856ED9A2BDA8936005146FC /* Products */;
			projectDirPath = "";
			projectRoot = "";
			targets = (
				0856ED982BDA8936005146FC /* RahberApp */,
				0856EDA82BDA8937005146FC /* RahberAppTests */,
				0856EDB22BDA8937005146FC /* RahberAppUITests */,
			);
		};
/* End PBXProject section */

/* Begin PBXResourcesBuildPhase section */
		0856ED972BDA8936005146FC /* Resources */ = {
			isa = PBXResourcesBuildPhase;
			buildActionMask = 2147483647;
			files = (
				0856EDE32BDA8C98005146FC /* mockData.json in Resources */,
				0856EDA42BDA8937005146FC /* Preview Assets.xcassets in Resources */,
				0856EE2B2BDABC4D005146FC /* Localizable.xcstrings in Resources */,
				0856EDA12BDA8937005146FC /* Assets.xcassets in Resources */,
			);
			runOnlyForDeploymentPostprocessing = 0;
		};
		0856EDA72BDA8937005146FC /* Resources */ = {
			isa = PBXResourcesBuildPhase;
			buildActionMask = 2147483647;
			files = (
				0856EE692BDBCCDC005146FC /* README.md in Resources */,
			);
			runOnlyForDeploymentPostprocessing = 0;
		};
		0856EDB12BDA8937005146FC /* Resources */ = {
			isa = PBXResourcesBuildPhase;
			buildActionMask = 2147483647;
			files = (
			);
			runOnlyForDeploymentPostprocessing = 0;
		};
/* End PBXResourcesBuildPhase section */

/* Begin PBXSourcesBuildPhase section */
		0856ED952BDA8936005146FC /* Sources */ = {
			isa = PBXSourcesBuildPhase;
			buildActionMask = 2147483647;
			files = (
				0856EE4D2BDBB5D3005146FC /* LessonListView.swift in Sources */,
				0856EDDD2BDA8C33005146FC /* AppEnvironment.swift in Sources */,
				0856EDC92BDA8AC6005146FC /* Resolver.swift in Sources */,
				0856EE3B2BDAC49D005146FC /* CourseDetailView.swift in Sources */,
				0856EDF22BDA94D8005146FC /* CoursesLocalDataSource.swift in Sources */,
				0856EE222BDAB603005146FC /* HomeCoordinator.swift in Sources */,
				0856EE452BDB9F5F005146FC /* SortPersonalisedCourseUseCase.swift in Sources */,
				0856EE232BDAB603005146FC /* HomeCoordinatorProtocol.swift in Sources */,
				0856EE082BDAB083005146FC /* Course+DomainMapper.swift in Sources */,
				0856EE262BDAB7A5005146FC /* HomeViewState.swift in Sources */,
				0856EDD92BDA8BD6005146FC /* Parser.swift in Sources */,
				0856EE322BDABED3005146FC /* String+Extension.swift in Sources */,
				0856EE1D2BDAB5A2005146FC /* AppCoordinator.swift in Sources */,
				0856EDEF2BDA9425005146FC /* CourseRepository+Live.swift in Sources */,
				0856ED9D2BDA8936005146FC /* RahberApp.swift in Sources */,
				0856EDD72BDA8BBF005146FC /* Logger.swift in Sources */,
				0856EDEB2BDA8E8E005146FC /* CourseService+Live.swift in Sources */,
				0856EE242BDAB603005146FC /* HomeCoordinatorView.swift in Sources */,
				0856EDED2BDA8F1B005146FC /* CoursesResponse.swift in Sources */,
				0856EE292BDABBFD005146FC /* ErrorView.swift in Sources */,
				0856EE062BDAAED7005146FC /* Course.swift in Sources */,
				0856EE4A2BDBAC61005146FC /* ProfileView.swift in Sources */,
				0856EE042BDAAE8F005146FC /* CourseList.swift in Sources */,
				0856EE412BDB01A6005146FC /* StickyHeaderView.swift in Sources */,
				0856EDDB2BDA8C07005146FC /* APIError.swift in Sources */,
				0856EE1E2BDAB5A2005146FC /* Routable.swift in Sources */,
				0856EE302BDABD82005146FC /* Dimensions.swift in Sources */,
				0856EDDF2BDA8C4C005146FC /* APIClientLive.swift in Sources */,
				0856EDE92BDA8E69005146FC /* CourseService.swift in Sources */,
				0856EDE12BDA8C60005146FC /* APIClient.swift in Sources */,
				0856EE3F2BDAE8B7005146FC /* CapsuleText.swift in Sources */,
				0856EDFA2BDA9581005146FC /* CourseModel.swift in Sources */,
				0856EDF92BDA9581005146FC /* RealmProvider.swift in Sources */,
				0856EE152BDAB550005146FC /* HomeViewModel.swift in Sources */,
				0856EE022BDA9D0C005146FC /* CourseRepository.swift in Sources */,
				0856EDFB2BDA9581005146FC /* CourseListModel.swift in Sources */,
				0856EE1B2BDAB5A2005146FC /* Coordinator.swift in Sources */,
				0856EE2E2BDABD13005146FC /* CourseView.swift in Sources */,
				0856EE372BDABFDB005146FC /* PreviewData.swift in Sources */,
				0856EE432BDB851D005146FC /* PrimaryButton.swift in Sources */,
				0856EE392BDAC086005146FC /* CourseListView.swift in Sources */,
				0856EE132BDAB545005146FC /* HomeView.swift in Sources */,
				0856EE0A2BDAB46C005146FC /* FetchAllCoursesUseCase.swift in Sources */,
				0856EE1C2BDAB5A2005146FC /* AppCoordinatorView.swift in Sources */,
				0856EE472BDBAB1E005146FC /* User.swift in Sources */,
				0856EE6B2BDBD5FC005146FC /* NetworkMonitor.swift in Sources */,
			);
			runOnlyForDeploymentPostprocessing = 0;
		};
		0856EDA52BDA8937005146FC /* Sources */ = {
			isa = PBXSourcesBuildPhase;
			buildActionMask = 2147483647;
			files = (
				0856EE632BDBC0AE005146FC /* HomeViewModelTests.swift in Sources */,
				0856EE532BDBB943005146FC /* SwiftUI.swift in Sources */,
				0856EE592BDBBA4B005146FC /* MockFetchAllCoursesUseCases.swift in Sources */,
				0856EE572BDBB993005146FC /* MockResponse.swift in Sources */,
				0856EE552BDBB970005146FC /* MockAPIClient.swift in Sources */,
				0856EE672BDBC76E005146FC /* CourseRepositoryTests.swift in Sources */,
				0856EE512BDBB935005146FC /* CombinePublisherTest.swift in Sources */,
				0856EE612BDBBC75005146FC /* MockSortPersonalisedCourseuseCase.swift in Sources */,
				0856EDAE2BDA8937005146FC /* RahberAppTests.swift in Sources */,
				0856EE652BDBC1F6005146FC /* CourseServiceTests.swift in Sources */,
				0856EE5D2BDBBAF8005146FC /* MockCourseService.swift in Sources */,
				0856EE5B2BDBBAB7005146FC /* MockHomeCoordinator.swift in Sources */,
				0856EE5F2BDBBB92005146FC /* MockCoursesLocalDataSource.swift in Sources */,
			);
			runOnlyForDeploymentPostprocessing = 0;
		};
		0856EDAF2BDA8937005146FC /* Sources */ = {
			isa = PBXSourcesBuildPhase;
			buildActionMask = 2147483647;
			files = (
				0856EDBA2BDA8937005146FC /* RahberAppUITestsLaunchTests.swift in Sources */,
				0856EDB82BDA8937005146FC /* RahberAppUITests.swift in Sources */,
			);
			runOnlyForDeploymentPostprocessing = 0;
		};
/* End PBXSourcesBuildPhase section */

/* Begin PBXTargetDependency section */
		0856EDAB2BDA8937005146FC /* PBXTargetDependency */ = {
			isa = PBXTargetDependency;
			target = 0856ED982BDA8936005146FC /* RahberApp */;
			targetProxy = 0856EDAA2BDA8937005146FC /* PBXContainerItemProxy */;
		};
		0856EDB52BDA8937005146FC /* PBXTargetDependency */ = {
			isa = PBXTargetDependency;
			target = 0856ED982BDA8936005146FC /* RahberApp */;
			targetProxy = 0856EDB42BDA8937005146FC /* PBXContainerItemProxy */;
		};
/* End PBXTargetDependency section */

/* Begin XCBuildConfiguration section */
		0856EDBB2BDA8937005146FC /* Debug */ = {
			isa = XCBuildConfiguration;
			buildSettings = {
				ALWAYS_SEARCH_USER_PATHS = NO;
				ASSETCATALOG_COMPILER_GENERATE_SWIFT_ASSET_SYMBOL_EXTENSIONS = YES;
				CLANG_ANALYZER_NONNULL = YES;
				CLANG_ANALYZER_NUMBER_OBJECT_CONVERSION = YES_AGGRESSIVE;
				CLANG_CXX_LANGUAGE_STANDARD = "gnu++20";
				CLANG_ENABLE_MODULES = YES;
				CLANG_ENABLE_OBJC_ARC = YES;
				CLANG_ENABLE_OBJC_WEAK = YES;
				CLANG_WARN_BLOCK_CAPTURE_AUTORELEASING = YES;
				CLANG_WARN_BOOL_CONVERSION = YES;
				CLANG_WARN_COMMA = YES;
				CLANG_WARN_CONSTANT_CONVERSION = YES;
				CLANG_WARN_DEPRECATED_OBJC_IMPLEMENTATIONS = YES;
				CLANG_WARN_DIRECT_OBJC_ISA_USAGE = YES_ERROR;
				CLANG_WARN_DOCUMENTATION_COMMENTS = YES;
				CLANG_WARN_EMPTY_BODY = YES;
				CLANG_WARN_ENUM_CONVERSION = YES;
				CLANG_WARN_INFINITE_RECURSION = YES;
				CLANG_WARN_INT_CONVERSION = YES;
				CLANG_WARN_NON_LITERAL_NULL_CONVERSION = YES;
				CLANG_WARN_OBJC_IMPLICIT_RETAIN_SELF = YES;
				CLANG_WARN_OBJC_LITERAL_CONVERSION = YES;
				CLANG_WARN_OBJC_ROOT_CLASS = YES_ERROR;
				CLANG_WARN_QUOTED_INCLUDE_IN_FRAMEWORK_HEADER = YES;
				CLANG_WARN_RANGE_LOOP_ANALYSIS = YES;
				CLANG_WARN_STRICT_PROTOTYPES = YES;
				CLANG_WARN_SUSPICIOUS_MOVE = YES;
				CLANG_WARN_UNGUARDED_AVAILABILITY = YES_AGGRESSIVE;
				CLANG_WARN_UNREACHABLE_CODE = YES;
				CLANG_WARN__DUPLICATE_METHOD_MATCH = YES;
				COPY_PHASE_STRIP = NO;
				DEBUG_INFORMATION_FORMAT = dwarf;
				ENABLE_STRICT_OBJC_MSGSEND = YES;
				ENABLE_TESTABILITY = YES;
				ENABLE_USER_SCRIPT_SANDBOXING = YES;
				GCC_C_LANGUAGE_STANDARD = gnu17;
				GCC_DYNAMIC_NO_PIC = NO;
				GCC_NO_COMMON_BLOCKS = YES;
				GCC_OPTIMIZATION_LEVEL = 0;
				GCC_PREPROCESSOR_DEFINITIONS = (
					"DEBUG=1",
					"$(inherited)",
				);
				GCC_WARN_64_TO_32_BIT_CONVERSION = YES;
				GCC_WARN_ABOUT_RETURN_TYPE = YES_ERROR;
				GCC_WARN_UNDECLARED_SELECTOR = YES;
				GCC_WARN_UNINITIALIZED_AUTOS = YES_AGGRESSIVE;
				GCC_WARN_UNUSED_FUNCTION = YES;
				GCC_WARN_UNUSED_VARIABLE = YES;
				IPHONEOS_DEPLOYMENT_TARGET = 17.2;
				LOCALIZATION_PREFERS_STRING_CATALOGS = YES;
				MTL_ENABLE_DEBUG_INFO = INCLUDE_SOURCE;
				MTL_FAST_MATH = YES;
				ONLY_ACTIVE_ARCH = YES;
				SDKROOT = iphoneos;
				SWIFT_ACTIVE_COMPILATION_CONDITIONS = "DEBUG $(inherited)";
				SWIFT_OPTIMIZATION_LEVEL = "-Onone";
			};
			name = Debug;
		};
		0856EDBC2BDA8937005146FC /* Release */ = {
			isa = XCBuildConfiguration;
			buildSettings = {
				ALWAYS_SEARCH_USER_PATHS = NO;
				ASSETCATALOG_COMPILER_GENERATE_SWIFT_ASSET_SYMBOL_EXTENSIONS = YES;
				CLANG_ANALYZER_NONNULL = YES;
				CLANG_ANALYZER_NUMBER_OBJECT_CONVERSION = YES_AGGRESSIVE;
				CLANG_CXX_LANGUAGE_STANDARD = "gnu++20";
				CLANG_ENABLE_MODULES = YES;
				CLANG_ENABLE_OBJC_ARC = YES;
				CLANG_ENABLE_OBJC_WEAK = YES;
				CLANG_WARN_BLOCK_CAPTURE_AUTORELEASING = YES;
				CLANG_WARN_BOOL_CONVERSION = YES;
				CLANG_WARN_COMMA = YES;
				CLANG_WARN_CONSTANT_CONVERSION = YES;
				CLANG_WARN_DEPRECATED_OBJC_IMPLEMENTATIONS = YES;
				CLANG_WARN_DIRECT_OBJC_ISA_USAGE = YES_ERROR;
				CLANG_WARN_DOCUMENTATION_COMMENTS = YES;
				CLANG_WARN_EMPTY_BODY = YES;
				CLANG_WARN_ENUM_CONVERSION = YES;
				CLANG_WARN_INFINITE_RECURSION = YES;
				CLANG_WARN_INT_CONVERSION = YES;
				CLANG_WARN_NON_LITERAL_NULL_CONVERSION = YES;
				CLANG_WARN_OBJC_IMPLICIT_RETAIN_SELF = YES;
				CLANG_WARN_OBJC_LITERAL_CONVERSION = YES;
				CLANG_WARN_OBJC_ROOT_CLASS = YES_ERROR;
				CLANG_WARN_QUOTED_INCLUDE_IN_FRAMEWORK_HEADER = YES;
				CLANG_WARN_RANGE_LOOP_ANALYSIS = YES;
				CLANG_WARN_STRICT_PROTOTYPES = YES;
				CLANG_WARN_SUSPICIOUS_MOVE = YES;
				CLANG_WARN_UNGUARDED_AVAILABILITY = YES_AGGRESSIVE;
				CLANG_WARN_UNREACHABLE_CODE = YES;
				CLANG_WARN__DUPLICATE_METHOD_MATCH = YES;
				COPY_PHASE_STRIP = NO;
				DEBUG_INFORMATION_FORMAT = "dwarf-with-dsym";
				ENABLE_NS_ASSERTIONS = NO;
				ENABLE_STRICT_OBJC_MSGSEND = YES;
				ENABLE_USER_SCRIPT_SANDBOXING = YES;
				GCC_C_LANGUAGE_STANDARD = gnu17;
				GCC_NO_COMMON_BLOCKS = YES;
				GCC_WARN_64_TO_32_BIT_CONVERSION = YES;
				GCC_WARN_ABOUT_RETURN_TYPE = YES_ERROR;
				GCC_WARN_UNDECLARED_SELECTOR = YES;
				GCC_WARN_UNINITIALIZED_AUTOS = YES_AGGRESSIVE;
				GCC_WARN_UNUSED_FUNCTION = YES;
				GCC_WARN_UNUSED_VARIABLE = YES;
				IPHONEOS_DEPLOYMENT_TARGET = 17.2;
				LOCALIZATION_PREFERS_STRING_CATALOGS = YES;
				MTL_ENABLE_DEBUG_INFO = NO;
				MTL_FAST_MATH = YES;
				SDKROOT = iphoneos;
				SWIFT_COMPILATION_MODE = wholemodule;
				VALIDATE_PRODUCT = YES;
			};
			name = Release;
		};
		0856EDBE2BDA8937005146FC /* Debug */ = {
			isa = XCBuildConfiguration;
			buildSettings = {
				ASSETCATALOG_COMPILER_APPICON_NAME = AppIcon;
				ASSETCATALOG_COMPILER_GLOBAL_ACCENT_COLOR_NAME = AccentColor;
				CODE_SIGN_STYLE = Automatic;
				CURRENT_PROJECT_VERSION = 1;
				DEVELOPMENT_ASSET_PATHS = "\"RahberApp/Preview Content\"";
				ENABLE_PREVIEWS = YES;
				GENERATE_INFOPLIST_FILE = YES;
				INFOPLIST_KEY_UIApplicationSceneManifest_Generation = YES;
				INFOPLIST_KEY_UIApplicationSupportsIndirectInputEvents = YES;
				INFOPLIST_KEY_UILaunchScreen_Generation = YES;
				INFOPLIST_KEY_UISupportedInterfaceOrientations_iPad = "UIInterfaceOrientationPortrait UIInterfaceOrientationPortraitUpsideDown UIInterfaceOrientationLandscapeLeft UIInterfaceOrientationLandscapeRight";
				INFOPLIST_KEY_UISupportedInterfaceOrientations_iPhone = "UIInterfaceOrientationPortrait UIInterfaceOrientationLandscapeLeft UIInterfaceOrientationLandscapeRight";
				IPHONEOS_DEPLOYMENT_TARGET = 17.0;
				LD_RUNPATH_SEARCH_PATHS = (
					"$(inherited)",
					"@executable_path/Frameworks",
				);
				MARKETING_VERSION = 1.0;
				PRODUCT_BUNDLE_IDENTIFIER = com.muneer.RahberApp;
				PRODUCT_NAME = "$(TARGET_NAME)";
				SWIFT_EMIT_LOC_STRINGS = YES;
				SWIFT_VERSION = 5.0;
				TARGETED_DEVICE_FAMILY = "1,2";
			};
			name = Debug;
		};
		0856EDBF2BDA8937005146FC /* Release */ = {
			isa = XCBuildConfiguration;
			buildSettings = {
				ASSETCATALOG_COMPILER_APPICON_NAME = AppIcon;
				ASSETCATALOG_COMPILER_GLOBAL_ACCENT_COLOR_NAME = AccentColor;
				CODE_SIGN_STYLE = Automatic;
				CURRENT_PROJECT_VERSION = 1;
				DEVELOPMENT_ASSET_PATHS = "\"RahberApp/Preview Content\"";
				ENABLE_PREVIEWS = YES;
				GENERATE_INFOPLIST_FILE = YES;
				INFOPLIST_KEY_UIApplicationSceneManifest_Generation = YES;
				INFOPLIST_KEY_UIApplicationSupportsIndirectInputEvents = YES;
				INFOPLIST_KEY_UILaunchScreen_Generation = YES;
				INFOPLIST_KEY_UISupportedInterfaceOrientations_iPad = "UIInterfaceOrientationPortrait UIInterfaceOrientationPortraitUpsideDown UIInterfaceOrientationLandscapeLeft UIInterfaceOrientationLandscapeRight";
				INFOPLIST_KEY_UISupportedInterfaceOrientations_iPhone = "UIInterfaceOrientationPortrait UIInterfaceOrientationLandscapeLeft UIInterfaceOrientationLandscapeRight";
				IPHONEOS_DEPLOYMENT_TARGET = 17.0;
				LD_RUNPATH_SEARCH_PATHS = (
					"$(inherited)",
					"@executable_path/Frameworks",
				);
				MARKETING_VERSION = 1.0;
				PRODUCT_BUNDLE_IDENTIFIER = com.muneer.RahberApp;
				PRODUCT_NAME = "$(TARGET_NAME)";
				SWIFT_EMIT_LOC_STRINGS = YES;
				SWIFT_VERSION = 5.0;
				TARGETED_DEVICE_FAMILY = "1,2";
			};
			name = Release;
		};
		0856EDC12BDA8937005146FC /* Debug */ = {
			isa = XCBuildConfiguration;
			buildSettings = {
				ALWAYS_EMBED_SWIFT_STANDARD_LIBRARIES = YES;
				BUNDLE_LOADER = "$(TEST_HOST)";
				CODE_SIGN_STYLE = Automatic;
				CURRENT_PROJECT_VERSION = 1;
				GENERATE_INFOPLIST_FILE = YES;
				IPHONEOS_DEPLOYMENT_TARGET = 17.2;
				MARKETING_VERSION = 1.0;
				PRODUCT_BUNDLE_IDENTIFIER = com.muneer.RahberAppTests;
				PRODUCT_NAME = "$(TARGET_NAME)";
				SWIFT_EMIT_LOC_STRINGS = NO;
				SWIFT_VERSION = 5.0;
				TARGETED_DEVICE_FAMILY = "1,2";
				TEST_HOST = "$(BUILT_PRODUCTS_DIR)/RahberApp.app/$(BUNDLE_EXECUTABLE_FOLDER_PATH)/RahberApp";
			};
			name = Debug;
		};
		0856EDC22BDA8937005146FC /* Release */ = {
			isa = XCBuildConfiguration;
			buildSettings = {
				ALWAYS_EMBED_SWIFT_STANDARD_LIBRARIES = YES;
				BUNDLE_LOADER = "$(TEST_HOST)";
				CODE_SIGN_STYLE = Automatic;
				CURRENT_PROJECT_VERSION = 1;
				GENERATE_INFOPLIST_FILE = YES;
				IPHONEOS_DEPLOYMENT_TARGET = 17.2;
				MARKETING_VERSION = 1.0;
				PRODUCT_BUNDLE_IDENTIFIER = com.muneer.RahberAppTests;
				PRODUCT_NAME = "$(TARGET_NAME)";
				SWIFT_EMIT_LOC_STRINGS = NO;
				SWIFT_VERSION = 5.0;
				TARGETED_DEVICE_FAMILY = "1,2";
				TEST_HOST = "$(BUILT_PRODUCTS_DIR)/RahberApp.app/$(BUNDLE_EXECUTABLE_FOLDER_PATH)/RahberApp";
			};
			name = Release;
		};
		0856EDC42BDA8937005146FC /* Debug */ = {
			isa = XCBuildConfiguration;
			buildSettings = {
				ALWAYS_EMBED_SWIFT_STANDARD_LIBRARIES = YES;
				CODE_SIGN_STYLE = Automatic;
				CURRENT_PROJECT_VERSION = 1;
				GENERATE_INFOPLIST_FILE = YES;
				MARKETING_VERSION = 1.0;
				PRODUCT_BUNDLE_IDENTIFIER = com.muneer.RahberAppUITests;
				PRODUCT_NAME = "$(TARGET_NAME)";
				SWIFT_EMIT_LOC_STRINGS = NO;
				SWIFT_VERSION = 5.0;
				TARGETED_DEVICE_FAMILY = "1,2";
				TEST_TARGET_NAME = RahberApp;
			};
			name = Debug;
		};
		0856EDC52BDA8937005146FC /* Release */ = {
			isa = XCBuildConfiguration;
			buildSettings = {
				ALWAYS_EMBED_SWIFT_STANDARD_LIBRARIES = YES;
				CODE_SIGN_STYLE = Automatic;
				CURRENT_PROJECT_VERSION = 1;
				GENERATE_INFOPLIST_FILE = YES;
				MARKETING_VERSION = 1.0;
				PRODUCT_BUNDLE_IDENTIFIER = com.muneer.RahberAppUITests;
				PRODUCT_NAME = "$(TARGET_NAME)";
				SWIFT_EMIT_LOC_STRINGS = NO;
				SWIFT_VERSION = 5.0;
				TARGETED_DEVICE_FAMILY = "1,2";
				TEST_TARGET_NAME = RahberApp;
			};
			name = Release;
		};
/* End XCBuildConfiguration section */

/* Begin XCConfigurationList section */
		0856ED942BDA8936005146FC /* Build configuration list for PBXProject "RahberApp" */ = {
			isa = XCConfigurationList;
			buildConfigurations = (
				0856EDBB2BDA8937005146FC /* Debug */,
				0856EDBC2BDA8937005146FC /* Release */,
			);
			defaultConfigurationIsVisible = 0;
			defaultConfigurationName = Release;
		};
		0856EDBD2BDA8937005146FC /* Build configuration list for PBXNativeTarget "RahberApp" */ = {
			isa = XCConfigurationList;
			buildConfigurations = (
				0856EDBE2BDA8937005146FC /* Debug */,
				0856EDBF2BDA8937005146FC /* Release */,
			);
			defaultConfigurationIsVisible = 0;
			defaultConfigurationName = Release;
		};
		0856EDC02BDA8937005146FC /* Build configuration list for PBXNativeTarget "RahberAppTests" */ = {
			isa = XCConfigurationList;
			buildConfigurations = (
				0856EDC12BDA8937005146FC /* Debug */,
				0856EDC22BDA8937005146FC /* Release */,
			);
			defaultConfigurationIsVisible = 0;
			defaultConfigurationName = Release;
		};
		0856EDC32BDA8937005146FC /* Build configuration list for PBXNativeTarget "RahberAppUITests" */ = {
			isa = XCConfigurationList;
			buildConfigurations = (
				0856EDC42BDA8937005146FC /* Debug */,
				0856EDC52BDA8937005146FC /* Release */,
			);
			defaultConfigurationIsVisible = 0;
			defaultConfigurationName = Release;
		};
/* End XCConfigurationList section */

/* Begin XCRemoteSwiftPackageReference section */
		0856EDE42BDA8D3A005146FC /* XCRemoteSwiftPackageReference "swift-snapshot-testing" */ = {
			isa = XCRemoteSwiftPackageReference;
			repositoryURL = "https://github.com/pointfreeco/swift-snapshot-testing";
			requirement = {
				kind = upToNextMajorVersion;
				minimumVersion = 1.16.0;
			};
		};
		0856EDE72BDA8D4E005146FC /* XCRemoteSwiftPackageReference "Swinject" */ = {
			isa = XCRemoteSwiftPackageReference;
			repositoryURL = "https://github.com/Swinject/Swinject.git";
			requirement = {
				kind = upToNextMajorVersion;
				minimumVersion = 2.8.7;
			};
		};
		0856EDFC2BDA9620005146FC /* XCRemoteSwiftPackageReference "realm-swift" */ = {
			isa = XCRemoteSwiftPackageReference;
			repositoryURL = "https://github.com/realm/realm-swift.git";
			requirement = {
				branch = master;
				kind = branch;
			};
		};
		0856EE332BDABF37005146FC /* XCRemoteSwiftPackageReference "Nuke" */ = {
			isa = XCRemoteSwiftPackageReference;
			repositoryURL = "https://github.com/kean/Nuke.git";
			requirement = {
				kind = upToNextMajorVersion;
				minimumVersion = 12.6.0;
			};
		};
/* End XCRemoteSwiftPackageReference section */

/* Begin XCSwiftPackageProductDependency section */
		0856EDE52BDA8D3A005146FC /* SnapshotTesting */ = {
			isa = XCSwiftPackageProductDependency;
			package = 0856EDE42BDA8D3A005146FC /* XCRemoteSwiftPackageReference "swift-snapshot-testing" */;
			productName = SnapshotTesting;
		};
		0856EDFD2BDA9BF6005146FC /* Realm */ = {
			isa = XCSwiftPackageProductDependency;
			package = 0856EDFC2BDA9620005146FC /* XCRemoteSwiftPackageReference "realm-swift" */;
			productName = Realm;
		};
		0856EDFF2BDA9BF6005146FC /* RealmSwift */ = {
			isa = XCSwiftPackageProductDependency;
			package = 0856EDFC2BDA9620005146FC /* XCRemoteSwiftPackageReference "realm-swift" */;
			productName = RealmSwift;
		};
		0856EE342BDABF37005146FC /* NukeUI */ = {
			isa = XCSwiftPackageProductDependency;
			package = 0856EE332BDABF37005146FC /* XCRemoteSwiftPackageReference "Nuke" */;
			productName = NukeUI;
		};
		0856EE3C2BDAC954005146FC /* Swinject */ = {
			isa = XCSwiftPackageProductDependency;
			package = 0856EDE72BDA8D4E005146FC /* XCRemoteSwiftPackageReference "Swinject" */;
			productName = Swinject;
		};
/* End XCSwiftPackageProductDependency section */
	};
	rootObject = 0856ED912BDA8936005146FC /* Project object */;
}
